
Microsoft Visual Studio Solution File, Format Version 12.00
# Visual Studio Version 16
VisualStudioVersion = 16.0.28803.156
MinimumVisualStudioVersion = 10.0.40219.1
Project("{FAE04EC0-301F-11D3-BF4B-00C04F79EFBC}") = "ReversingArray", "ReversingArray\ReversingArray.csproj", "{4939D05A-DA57-4ACE-BF0D-E8353B65447E}"
EndProject
Global
	GlobalSection(SolutionConfigurationPlatforms) = preSolution
		Debug|Any CPU = Debug|Any CPU
		Release|Any CPU = Release|Any CPU
	EndGlobalSection
	GlobalSection(ProjectConfigurationPlatforms) = postSolution
		{4939D05A-DA57-4ACE-BF0D-E8353B65447E}.Debug|Any CPU.ActiveCfg = Debug|Any CPU
		{4939D05A-DA57-4ACE-BF0D-E8353B65447E}.Debug|Any CPU.Build.0 = Debug|Any CPU
		{4939D05A-DA57-4ACE-BF0D-E8353B65447E}.Release|Any CPU.ActiveCfg = Release|Any CPU
		{4939D05A-DA57-4ACE-BF0D-E8353B65447E}.Release|Any CPU.Build.0 = Release|Any CPU
	EndGlobalSection
	GlobalSection(SolutionProperties) = preSolution
		HideSolutionNode = FALSE
	EndGlobalSection
	GlobalSection(ExtensibilityGlobals) = postSolution
		SolutionGuid = {525A2152-88A1-4BEC-A86B-832AD5BC0C0B}
	EndGlobalSection
EndGlobal
